{
  "name": "lancer-briefings",
  "version": "0.2.0",
  "lockfileVersion": 2,
  "requires": true,
  "packages": {
    "": {
      "name": "lancer-briefings",
      "version": "0.2.0",
      "dependencies": {
        "@oruga-ui/oruga-next": "^0.4.2",
        "@traptitech/markdown-it-spoiler": "^1.1.6",
        "vue": "^3.2.16",
        "vue3-markdown-it": "^1.0.9"
      },
      "devDependencies": {
        "@vitejs/plugin-vue": "^1.9.2",
        "sass": "^1.32.8",
        "vite": "^2.6.0"
      }
    },
    "node_modules/@babel/parser": {
      "version": "7.15.8",
      "license": "MIT",
      "bin": {
        "parser": "bin/babel-parser.js"
      },
      "engines": {
        "node": ">=6.0.0"
      }
    },
    "node_modules/@oruga-ui/oruga-next": {
      "version": "0.4.5",
      "license": "MIT",
      "peerDependencies": {
        "vue": "^3.0.0"
      }
    },
    "node_modules/@traptitech/markdown-it-spoiler": {
      "version": "1.1.6",
      "resolved": "https://registry.npmjs.org/@traptitech/markdown-it-spoiler/-/markdown-it-spoiler-1.1.6.tgz",
      "integrity": "sha512-tH/Fk1WMsnSuLpuRsXw8iHtdivoCEI5V08hQ7doVm6WmzAnBf/cUzyH9+GbOldPq9Hwv9v9tuy5t/MxmdNAGXg=="
    },
    "node_modules/@vitejs/plugin-vue": {
      "version": "1.9.3",
      "dev": true,
      "license": "MIT",
      "engines": {
        "node": ">=12.0.0"
      },
      "peerDependencies": {
        "vite": "^2.5.10"
      }
    },
    "node_modules/@vue/compiler-core": {
      "version": "3.2.19",
      "license": "MIT",
      "dependencies": {
        "@babel/parser": "^7.15.0",
        "@vue/shared": "3.2.19",
        "estree-walker": "^2.0.2",
        "source-map": "^0.6.1"
      }
    },
    "node_modules/@vue/compiler-dom": {
      "version": "3.2.19",
      "license": "MIT",
      "dependencies": {
        "@vue/compiler-core": "3.2.19",
        "@vue/shared": "3.2.19"
      }
    },
    "node_modules/@vue/compiler-sfc": {
      "version": "3.2.19",
      "license": "MIT",
      "dependencies": {
        "@babel/parser": "^7.15.0",
        "@vue/compiler-core": "3.2.19",
        "@vue/compiler-dom": "3.2.19",
        "@vue/compiler-ssr": "3.2.19",
        "@vue/ref-transform": "3.2.19",
        "@vue/shared": "3.2.19",
        "estree-walker": "^2.0.2",
        "magic-string": "^0.25.7",
        "postcss": "^8.1.10",
        "source-map": "^0.6.1"
      }
    },
    "node_modules/@vue/compiler-ssr": {
      "version": "3.2.19",
      "license": "MIT",
      "dependencies": {
        "@vue/compiler-dom": "3.2.19",
        "@vue/shared": "3.2.19"
      }
    },
    "node_modules/@vue/reactivity": {
      "version": "3.2.19",
      "license": "MIT",
      "dependencies": {
        "@vue/shared": "3.2.19"
      }
    },
    "node_modules/@vue/ref-transform": {
      "version": "3.2.19",
      "license": "MIT",
      "dependencies": {
        "@babel/parser": "^7.15.0",
        "@vue/compiler-core": "3.2.19",
        "@vue/shared": "3.2.19",
        "estree-walker": "^2.0.2",
        "magic-string": "^0.25.7"
      }
    },
    "node_modules/@vue/runtime-core": {
      "version": "3.2.19",
      "license": "MIT",
      "dependencies": {
        "@vue/reactivity": "3.2.19",
        "@vue/shared": "3.2.19"
      }
    },
    "node_modules/@vue/runtime-dom": {
      "version": "3.2.19",
      "license": "MIT",
      "dependencies": {
        "@vue/runtime-core": "3.2.19",
        "@vue/shared": "3.2.19",
        "csstype": "^2.6.8"
      }
    },
    "node_modules/@vue/server-renderer": {
      "version": "3.2.19",
      "license": "MIT",
      "dependencies": {
        "@vue/compiler-ssr": "3.2.19",
        "@vue/shared": "3.2.19"
      },
      "peerDependencies": {
        "vue": "3.2.19"
      }
    },
    "node_modules/@vue/shared": {
      "version": "3.2.19",
      "license": "MIT"
    },
    "node_modules/anymatch": {
      "version": "3.1.2",
      "resolved": "https://registry.npmjs.org/anymatch/-/anymatch-3.1.2.tgz",
      "integrity": "sha512-P43ePfOAIupkguHUycrc4qJ9kz8ZiuOUijaETwX7THt0Y/GNK7v0aa8rY816xWjZ7rJdA5XdMcpVFTKMq+RvWg==",
      "dev": true,
      "dependencies": {
        "normalize-path": "^3.0.0",
        "picomatch": "^2.0.4"
      },
      "engines": {
        "node": ">= 8"
      }
    },
    "node_modules/argparse": {
      "version": "2.0.1",
      "license": "Python-2.0"
    },
    "node_modules/binary-extensions": {
      "version": "2.2.0",
      "resolved": "https://registry.npmjs.org/binary-extensions/-/binary-extensions-2.2.0.tgz",
      "integrity": "sha512-jDctJ/IVQbZoJykoeHbhXpOlNBqGNcwXJKJog42E5HDPUwQTSdjCHdihjj0DlnheQ7blbT6dHOafNAiS8ooQKA==",
      "dev": true,
      "engines": {
        "node": ">=8"
      }
    },
    "node_modules/braces": {
      "version": "3.0.2",
      "resolved": "https://registry.npmjs.org/braces/-/braces-3.0.2.tgz",
      "integrity": "sha512-b8um+L1RzM3WDSzvhm6gIz1yfTbBt6YTlcEKAvsmqCZZFw46z626lVj9j1yEPW33H5H+lBQpZMP1k8l+78Ha0A==",
      "dev": true,
      "dependencies": {
        "fill-range": "^7.0.1"
      },
      "engines": {
        "node": ">=8"
      }
    },
    "node_modules/chokidar": {
      "version": "3.5.2",
      "resolved": "https://registry.npmjs.org/chokidar/-/chokidar-3.5.2.tgz",
      "integrity": "sha512-ekGhOnNVPgT77r4K/U3GDhu+FQ2S8TnK/s2KbIGXi0SZWuwkZ2QNyfWdZW+TVfn84DpEP7rLeCt2UI6bJ8GwbQ==",
      "dev": true,
      "dependencies": {
        "anymatch": "~3.1.2",
        "braces": "~3.0.2",
        "glob-parent": "~5.1.2",
        "is-binary-path": "~2.1.0",
        "is-glob": "~4.0.1",
        "normalize-path": "~3.0.0",
        "readdirp": "~3.6.0"
      },
      "engines": {
        "node": ">= 8.10.0"
      },
      "optionalDependencies": {
        "fsevents": "~2.3.2"
      }
    },
    "node_modules/csstype": {
      "version": "2.6.18",
      "license": "MIT"
    },
    "node_modules/entities": {
      "version": "2.1.0",
      "license": "BSD-2-Clause",
      "funding": {
        "url": "https://github.com/fb55/entities?sponsor=1"
      }
    },
    "node_modules/esbuild": {
      "version": "0.13.4",
      "dev": true,
      "hasInstallScript": true,
      "license": "MIT",
      "bin": {
        "esbuild": "bin/esbuild"
      },
      "optionalDependencies": {
        "esbuild-android-arm64": "0.13.4",
        "esbuild-darwin-64": "0.13.4",
        "esbuild-darwin-arm64": "0.13.4",
        "esbuild-freebsd-64": "0.13.4",
        "esbuild-freebsd-arm64": "0.13.4",
        "esbuild-linux-32": "0.13.4",
        "esbuild-linux-64": "0.13.4",
        "esbuild-linux-arm": "0.13.4",
        "esbuild-linux-arm64": "0.13.4",
        "esbuild-linux-mips64le": "0.13.4",
        "esbuild-linux-ppc64le": "0.13.4",
        "esbuild-openbsd-64": "0.13.4",
        "esbuild-sunos-64": "0.13.4",
        "esbuild-windows-32": "0.13.4",
        "esbuild-windows-64": "0.13.4",
        "esbuild-windows-arm64": "0.13.4"
      }
    },
    "node_modules/esbuild-windows-64": {
      "version": "0.13.4",
      "cpu": [
        "x64"
      ],
      "dev": true,
      "license": "MIT",
      "optional": true,
      "os": [
        "win32"
      ]
    },
    "node_modules/estree-walker": {
      "version": "2.0.2",
      "license": "MIT"
    },
    "node_modules/fill-range": {
      "version": "7.0.1",
      "resolved": "https://registry.npmjs.org/fill-range/-/fill-range-7.0.1.tgz",
      "integrity": "sha512-qOo9F+dMUmC2Lcb4BbVvnKJxTPjCm+RRpe4gDuGrzkL7mEVl/djYSu2OdQ2Pa302N4oqkSg9ir6jaLWJ2USVpQ==",
      "dev": true,
      "dependencies": {
        "to-regex-range": "^5.0.1"
      },
      "engines": {
        "node": ">=8"
      }
    },
    "node_modules/fsevents": {
      "version": "2.3.2",
      "resolved": "https://registry.npmjs.org/fsevents/-/fsevents-2.3.2.tgz",
      "integrity": "sha512-xiqMQR4xAeHTuB9uWm+fFRcIOgKBMiOBP+eXiyT7jsgVCq1bkVygt00oASowB7EdtpOHaaPgKt812P9ab+DDKA==",
      "dev": true,
      "hasInstallScript": true,
      "optional": true,
      "os": [
        "darwin"
      ],
      "engines": {
        "node": "^8.16.0 || ^10.6.0 || >=11.0.0"
      }
    },
    "node_modules/function-bind": {
      "version": "1.1.1",
      "dev": true,
      "license": "MIT"
    },
    "node_modules/glob-parent": {
      "version": "5.1.2",
      "resolved": "https://registry.npmjs.org/glob-parent/-/glob-parent-5.1.2.tgz",
      "integrity": "sha512-AOIgSQCepiJYwP3ARnGx+5VnTu2HBYdzbGP45eLw1vr3zB3vZLeyed1sC9hnbcOc9/SrMyM5RPQrkGz4aS9Zow==",
      "dev": true,
      "dependencies": {
        "is-glob": "^4.0.1"
      },
      "engines": {
        "node": ">= 6"
      }
    },
    "node_modules/has": {
      "version": "1.0.3",
      "dev": true,
      "license": "MIT",
      "dependencies": {
        "function-bind": "^1.1.1"
      },
      "engines": {
        "node": ">= 0.4.0"
      }
    },
    "node_modules/highlight.js": {
      "version": "10.7.3",
      "license": "BSD-3-Clause",
      "engines": {
        "node": "*"
      }
    },
    "node_modules/is-binary-path": {
      "version": "2.1.0",
      "resolved": "https://registry.npmjs.org/is-binary-path/-/is-binary-path-2.1.0.tgz",
      "integrity": "sha512-ZMERYes6pDydyuGidse7OsHxtbI7WVeUEozgR/g7rd0xUimYNlvZRE/K2MgZTjWy725IfelLeVcEM97mmtRGXw==",
      "dev": true,
      "dependencies": {
        "binary-extensions": "^2.0.0"
      },
      "engines": {
        "node": ">=8"
      }
    },
    "node_modules/is-core-module": {
      "version": "2.7.0",
      "dev": true,
      "license": "MIT",
      "dependencies": {
        "has": "^1.0.3"
      },
      "funding": {
        "url": "https://github.com/sponsors/ljharb"
      }
    },
    "node_modules/is-extglob": {
      "version": "2.1.1",
      "resolved": "https://registry.npmjs.org/is-extglob/-/is-extglob-2.1.1.tgz",
      "integrity": "sha1-qIwCU1eR8C7TfHahueqXc8gz+MI=",
      "dev": true,
      "engines": {
        "node": ">=0.10.0"
      }
    },
    "node_modules/is-glob": {
      "version": "4.0.3",
      "resolved": "https://registry.npmjs.org/is-glob/-/is-glob-4.0.3.tgz",
      "integrity": "sha512-xelSayHH36ZgE7ZWhli7pW34hNbNl8Ojv5KVmkJD4hBdD3th8Tfk9vYasLM+mXWOZhFkgZfxhLSnrwRr4elSSg==",
      "dev": true,
      "dependencies": {
        "is-extglob": "^2.1.1"
      },
      "engines": {
        "node": ">=0.10.0"
      }
    },
    "node_modules/is-number": {
      "version": "7.0.0",
      "resolved": "https://registry.npmjs.org/is-number/-/is-number-7.0.0.tgz",
      "integrity": "sha512-41Cifkg6e8TylSpdtTpeLVMqvSBEVzTttHvERD741+pnZ8ANv0004MRL43QKPDlK9cGvNp6NZWZUBlbGXYxxng==",
      "dev": true,
      "engines": {
        "node": ">=0.12.0"
      }
    },
    "node_modules/linkify-it": {
      "version": "3.0.3",
      "license": "MIT",
      "dependencies": {
        "uc.micro": "^1.0.1"
      }
    },
    "node_modules/lodash.flow": {
      "version": "3.5.0",
      "license": "MIT"
    },
    "node_modules/magic-string": {
      "version": "0.25.7",
      "license": "MIT",
      "dependencies": {
        "sourcemap-codec": "^1.4.4"
      }
    },
    "node_modules/markdown-it": {
      "version": "12.2.0",
      "license": "MIT",
      "dependencies": {
        "argparse": "^2.0.1",
        "entities": "~2.1.0",
        "linkify-it": "^3.0.1",
        "mdurl": "^1.0.1",
        "uc.micro": "^1.0.5"
      },
      "bin": {
        "markdown-it": "bin/markdown-it.js"
      }
    },
    "node_modules/markdown-it-abbr": {
      "version": "1.0.4",
      "license": "MIT"
    },
    "node_modules/markdown-it-anchor": {
      "version": "7.1.0",
      "license": "Unlicense",
      "peerDependencies": {
        "markdown-it": "*"
      }
    },
    "node_modules/markdown-it-deflist": {
      "version": "2.1.0",
      "license": "MIT"
    },
    "node_modules/markdown-it-emoji": {
      "version": "2.0.0",
      "license": "MIT"
    },
    "node_modules/markdown-it-footnote": {
      "version": "3.0.3",
      "license": "MIT"
    },
    "node_modules/markdown-it-highlightjs": {
      "version": "3.5.0",
      "license": "Unlicense",
      "dependencies": {
        "highlight.js": "^10.7.2",
        "lodash.flow": "^3.5.0"
      }
    },
    "node_modules/markdown-it-ins": {
      "version": "3.0.1",
      "license": "MIT"
    },
    "node_modules/markdown-it-mark": {
      "version": "3.0.1",
      "license": "MIT"
    },
    "node_modules/markdown-it-sub": {
      "version": "1.0.0",
      "license": "MIT"
    },
    "node_modules/markdown-it-sup": {
      "version": "1.0.0",
      "license": "MIT"
    },
    "node_modules/markdown-it-task-lists": {
      "version": "2.1.1",
      "license": "ISC"
    },
    "node_modules/markdown-it-toc-done-right": {
      "version": "4.2.0",
      "license": "MIT"
    },
    "node_modules/mdurl": {
      "version": "1.0.1",
      "license": "MIT"
    },
    "node_modules/nanoid": {
      "version": "3.1.29",
      "license": "MIT",
      "bin": {
        "nanoid": "bin/nanoid.cjs"
      },
      "engines": {
        "node": "^10 || ^12 || ^13.7 || ^14 || >=15.0.1"
      }
    },
    "node_modules/normalize-path": {
      "version": "3.0.0",
      "resolved": "https://registry.npmjs.org/normalize-path/-/normalize-path-3.0.0.tgz",
      "integrity": "sha512-6eZs5Ls3WtCisHWp9S2GUy8dqkpGi4BVSz3GaqiE6ezub0512ESztXUwUB6C6IKbQkY2Pnb/mD4WYojCRwcwLA==",
      "dev": true,
      "engines": {
        "node": ">=0.10.0"
      }
    },
    "node_modules/path-parse": {
      "version": "1.0.7",
      "dev": true,
      "license": "MIT"
    },
    "node_modules/picocolors": {
      "version": "0.2.1",
      "license": "ISC"
    },
    "node_modules/picomatch": {
      "version": "2.3.0",
      "resolved": "https://registry.npmjs.org/picomatch/-/picomatch-2.3.0.tgz",
      "integrity": "sha512-lY1Q/PiJGC2zOv/z391WOTD+Z02bCgsFfvxoXXf6h7kv9o+WmsmzYqrAwY63sNgOxE4xEdq0WyUnXfKeBrSvYw==",
      "dev": true,
      "engines": {
        "node": ">=8.6"
      },
      "funding": {
        "url": "https://github.com/sponsors/jonschlinkert"
      }
    },
    "node_modules/postcss": {
      "version": "8.3.9",
      "license": "MIT",
      "dependencies": {
        "nanoid": "^3.1.28",
        "picocolors": "^0.2.1",
        "source-map-js": "^0.6.2"
      },
      "engines": {
        "node": "^10 || ^12 || >=14"
      },
      "funding": {
        "type": "opencollective",
        "url": "https://opencollective.com/postcss/"
      }
    },
    "node_modules/readdirp": {
      "version": "3.6.0",
      "resolved": "https://registry.npmjs.org/readdirp/-/readdirp-3.6.0.tgz",
      "integrity": "sha512-hOS089on8RduqdbhvQ5Z37A0ESjsqz6qnRcffsMU3495FuTdqSm+7bhJ29JvIOsBDEEnan5DPu9t3To9VRlMzA==",
      "dev": true,
      "dependencies": {
        "picomatch": "^2.2.1"
      },
      "engines": {
        "node": ">=8.10.0"
      }
    },
    "node_modules/resolve": {
      "version": "1.20.0",
      "dev": true,
      "license": "MIT",
      "dependencies": {
        "is-core-module": "^2.2.0",
        "path-parse": "^1.0.6"
      },
      "funding": {
        "url": "https://github.com/sponsors/ljharb"
      }
    },
    "node_modules/rollup": {
      "version": "2.58.0",
      "dev": true,
      "license": "MIT",
      "bin": {
        "rollup": "dist/bin/rollup"
      },
      "engines": {
        "node": ">=10.0.0"
      },
      "optionalDependencies": {
        "fsevents": "~2.3.2"
      }
    },
    "node_modules/sass": {
      "version": "1.42.1",
      "resolved": "https://registry.npmjs.org/sass/-/sass-1.42.1.tgz",
      "integrity": "sha512-/zvGoN8B7dspKc5mC6HlaygyCBRvnyzzgD5khiaCfglWztY99cYoiTUksVx11NlnemrcfH5CEaCpsUKoW0cQqg==",
      "dev": true,
      "dependencies": {
        "chokidar": ">=3.0.0 <4.0.0"
      },
      "bin": {
        "sass": "sass.js"
      },
      "engines": {
        "node": ">=8.9.0"
      }
    },
    "node_modules/source-map": {
      "version": "0.6.1",
      "license": "BSD-3-Clause",
      "engines": {
        "node": ">=0.10.0"
      }
    },
    "node_modules/source-map-js": {
      "version": "0.6.2",
      "license": "BSD-3-Clause",
      "engines": {
        "node": ">=0.10.0"
      }
    },
    "node_modules/sourcemap-codec": {
      "version": "1.4.8",
      "license": "MIT"
    },
    "node_modules/to-regex-range": {
      "version": "5.0.1",
      "resolved": "https://registry.npmjs.org/to-regex-range/-/to-regex-range-5.0.1.tgz",
      "integrity": "sha512-65P7iz6X5yEr1cwcgvQxbbIw7Uk3gOy5dIdtZ4rDveLqhrdJP+Li/Hx6tyK0NEb+2GCyneCMJiGqrADCSNk8sQ==",
      "dev": true,
      "dependencies": {
        "is-number": "^7.0.0"
      },
      "engines": {
        "node": ">=8.0"
      }
    },
    "node_modules/uc.micro": {
      "version": "1.0.6",
      "license": "MIT"
    },
    "node_modules/vite": {
      "version": "2.6.3",
      "dev": true,
      "license": "MIT",
      "dependencies": {
        "esbuild": "^0.13.2",
        "postcss": "^8.3.8",
        "resolve": "^1.20.0",
        "rollup": "^2.57.0"
      },
      "bin": {
        "vite": "bin/vite.js"
      },
      "engines": {
        "node": ">=12.2.0"
      },
      "optionalDependencies": {
        "fsevents": "~2.3.2"
      },
      "peerDependencies": {
        "less": "*",
        "sass": "*",
        "stylus": "*"
      },
      "peerDependenciesMeta": {
        "less": {
          "optional": true
        },
        "sass": {
          "optional": true
        },
        "stylus": {
          "optional": true
        }
      }
    },
    "node_modules/vue": {
      "version": "3.2.19",
      "license": "MIT",
      "dependencies": {
        "@vue/compiler-dom": "3.2.19",
        "@vue/compiler-sfc": "3.2.19",
        "@vue/runtime-dom": "3.2.19",
        "@vue/server-renderer": "3.2.19",
        "@vue/shared": "3.2.19"
      }
    },
    "node_modules/vue3-markdown-it": {
      "version": "1.0.9",
      "license": "MIT",
      "dependencies": {
        "markdown-it": "^12.0.6",
        "markdown-it-abbr": "^1.0.4",
        "markdown-it-anchor": "^7.1.0",
        "markdown-it-deflist": "^2.1.0",
        "markdown-it-emoji": "^2.0.0",
        "markdown-it-footnote": "^3.0.2",
        "markdown-it-highlightjs": "^3.3.1",
        "markdown-it-ins": "^3.0.1",
        "markdown-it-mark": "^3.0.1",
        "markdown-it-sub": "^1.0.0",
        "markdown-it-sup": "^1.0.0",
        "markdown-it-task-lists": "^2.1.1",
        "markdown-it-toc-done-right": "^4.1.0"
      }
    }
  },
  "dependencies": {
    "@babel/parser": {
      "version": "7.15.8"
    },
    "@oruga-ui/oruga-next": {
      "version": "0.4.5",
      "requires": {}
    },
    "@traptitech/markdown-it-spoiler": {
      "version": "1.1.6",
      "resolved": "https://registry.npmjs.org/@traptitech/markdown-it-spoiler/-/markdown-it-spoiler-1.1.6.tgz",
      "integrity": "sha512-tH/Fk1WMsnSuLpuRsXw8iHtdivoCEI5V08hQ7doVm6WmzAnBf/cUzyH9+GbOldPq9Hwv9v9tuy5t/MxmdNAGXg=="
    },
    "@vitejs/plugin-vue": {
      "version": "1.9.3",
      "dev": true,
      "requires": {}
    },
    "@vue/compiler-core": {
      "version": "3.2.19",
      "requires": {
        "@babel/parser": "^7.15.0",
        "@vue/shared": "3.2.19",
        "estree-walker": "^2.0.2",
        "source-map": "^0.6.1"
      }
    },
    "@vue/compiler-dom": {
      "version": "3.2.19",
      "requires": {
        "@vue/compiler-core": "3.2.19",
        "@vue/shared": "3.2.19"
      }
    },
    "@vue/compiler-sfc": {
      "version": "3.2.19",
      "requires": {
        "@babel/parser": "^7.15.0",
        "@vue/compiler-core": "3.2.19",
        "@vue/compiler-dom": "3.2.19",
        "@vue/compiler-ssr": "3.2.19",
        "@vue/ref-transform": "3.2.19",
        "@vue/shared": "3.2.19",
        "estree-walker": "^2.0.2",
        "magic-string": "^0.25.7",
        "postcss": "^8.1.10",
        "source-map": "^0.6.1"
      }
    },
    "@vue/compiler-ssr": {
      "version": "3.2.19",
      "requires": {
        "@vue/compiler-dom": "3.2.19",
        "@vue/shared": "3.2.19"
      }
    },
    "@vue/reactivity": {
      "version": "3.2.19",
      "requires": {
        "@vue/shared": "3.2.19"
      }
    },
    "@vue/ref-transform": {
      "version": "3.2.19",
      "requires": {
        "@babel/parser": "^7.15.0",
        "@vue/compiler-core": "3.2.19",
        "@vue/shared": "3.2.19",
        "estree-walker": "^2.0.2",
        "magic-string": "^0.25.7"
      }
    },
    "@vue/runtime-core": {
      "version": "3.2.19",
      "requires": {
        "@vue/reactivity": "3.2.19",
        "@vue/shared": "3.2.19"
      }
    },
    "@vue/runtime-dom": {
      "version": "3.2.19",
      "requires": {
        "@vue/runtime-core": "3.2.19",
        "@vue/shared": "3.2.19",
        "csstype": "^2.6.8"
      }
    },
    "@vue/server-renderer": {
      "version": "3.2.19",
      "requires": {
        "@vue/compiler-ssr": "3.2.19",
        "@vue/shared": "3.2.19"
      }
    },
    "@vue/shared": {
      "version": "3.2.19"
    },
    "anymatch": {
      "version": "3.1.2",
      "resolved": "https://registry.npmjs.org/anymatch/-/anymatch-3.1.2.tgz",
      "integrity": "sha512-P43ePfOAIupkguHUycrc4qJ9kz8ZiuOUijaETwX7THt0Y/GNK7v0aa8rY816xWjZ7rJdA5XdMcpVFTKMq+RvWg==",
      "dev": true,
      "requires": {
        "normalize-path": "^3.0.0",
        "picomatch": "^2.0.4"
      }
    },
    "argparse": {
      "version": "2.0.1"
    },
    "binary-extensions": {
      "version": "2.2.0",
      "resolved": "https://registry.npmjs.org/binary-extensions/-/binary-extensions-2.2.0.tgz",
      "integrity": "sha512-jDctJ/IVQbZoJykoeHbhXpOlNBqGNcwXJKJog42E5HDPUwQTSdjCHdihjj0DlnheQ7blbT6dHOafNAiS8ooQKA==",
      "dev": true
    },
    "braces": {
      "version": "3.0.2",
      "resolved": "https://registry.npmjs.org/braces/-/braces-3.0.2.tgz",
      "integrity": "sha512-b8um+L1RzM3WDSzvhm6gIz1yfTbBt6YTlcEKAvsmqCZZFw46z626lVj9j1yEPW33H5H+lBQpZMP1k8l+78Ha0A==",
      "dev": true,
      "requires": {
        "fill-range": "^7.0.1"
      }
    },
    "chokidar": {
      "version": "3.5.2",
      "resolved": "https://registry.npmjs.org/chokidar/-/chokidar-3.5.2.tgz",
      "integrity": "sha512-ekGhOnNVPgT77r4K/U3GDhu+FQ2S8TnK/s2KbIGXi0SZWuwkZ2QNyfWdZW+TVfn84DpEP7rLeCt2UI6bJ8GwbQ==",
      "dev": true,
      "requires": {
        "anymatch": "~3.1.2",
        "braces": "~3.0.2",
        "fsevents": "~2.3.2",
        "glob-parent": "~5.1.2",
        "is-binary-path": "~2.1.0",
        "is-glob": "~4.0.1",
        "normalize-path": "~3.0.0",
        "readdirp": "~3.6.0"
      }
    },
    "csstype": {
      "version": "2.6.18"
    },
    "entities": {
      "version": "2.1.0"
    },
    "esbuild": {
      "version": "0.13.4",
      "dev": true,
      "requires": {
        "esbuild-android-arm64": "0.13.4",
        "esbuild-darwin-64": "0.13.4",
        "esbuild-darwin-arm64": "0.13.4",
        "esbuild-freebsd-64": "0.13.4",
        "esbuild-freebsd-arm64": "0.13.4",
        "esbuild-linux-32": "0.13.4",
        "esbuild-linux-64": "0.13.4",
        "esbuild-linux-arm": "0.13.4",
        "esbuild-linux-arm64": "0.13.4",
        "esbuild-linux-mips64le": "0.13.4",
        "esbuild-linux-ppc64le": "0.13.4",
        "esbuild-openbsd-64": "0.13.4",
        "esbuild-sunos-64": "0.13.4",
        "esbuild-windows-32": "0.13.4",
        "esbuild-windows-64": "0.13.4",
        "esbuild-windows-arm64": "0.13.4"
      }
    },
    "esbuild-windows-64": {
      "version": "0.13.4",
      "dev": true,
      "optional": true
    },
    "estree-walker": {
      "version": "2.0.2"
    },
    "fill-range": {
      "version": "7.0.1",
      "resolved": "https://registry.npmjs.org/fill-range/-/fill-range-7.0.1.tgz",
      "integrity": "sha512-qOo9F+dMUmC2Lcb4BbVvnKJxTPjCm+RRpe4gDuGrzkL7mEVl/djYSu2OdQ2Pa302N4oqkSg9ir6jaLWJ2USVpQ==",
      "dev": true,
      "requires": {
        "to-regex-range": "^5.0.1"
      }
    },
    "fsevents": {
      "version": "2.3.2",
      "resolved": "https://registry.npmjs.org/fsevents/-/fsevents-2.3.2.tgz",
      "integrity": "sha512-xiqMQR4xAeHTuB9uWm+fFRcIOgKBMiOBP+eXiyT7jsgVCq1bkVygt00oASowB7EdtpOHaaPgKt812P9ab+DDKA==",
      "dev": true,
      "optional": true
    },
    "function-bind": {
      "version": "1.1.1",
      "dev": true
    },
    "glob-parent": {
      "version": "5.1.2",
      "resolved": "https://registry.npmjs.org/glob-parent/-/glob-parent-5.1.2.tgz",
      "integrity": "sha512-AOIgSQCepiJYwP3ARnGx+5VnTu2HBYdzbGP45eLw1vr3zB3vZLeyed1sC9hnbcOc9/SrMyM5RPQrkGz4aS9Zow==",
      "dev": true,
      "requires": {
        "is-glob": "^4.0.1"
      }
    },
    "has": {
      "version": "1.0.3",
      "dev": true,
      "requires": {
        "function-bind": "^1.1.1"
      }
    },
    "highlight.js": {
      "version": "10.7.3"
    },
    "is-binary-path": {
      "version": "2.1.0",
      "resolved": "https://registry.npmjs.org/is-binary-path/-/is-binary-path-2.1.0.tgz",
      "integrity": "sha512-ZMERYes6pDydyuGidse7OsHxtbI7WVeUEozgR/g7rd0xUimYNlvZRE/K2MgZTjWy725IfelLeVcEM97mmtRGXw==",
      "dev": true,
      "requires": {
        "binary-extensions": "^2.0.0"
      }
    },
    "is-core-module": {
      "version": "2.7.0",
      "dev": true,
      "requires": {
        "has": "^1.0.3"
      }
    },
    "is-extglob": {
      "version": "2.1.1",
      "resolved": "https://registry.npmjs.org/is-extglob/-/is-extglob-2.1.1.tgz",
      "integrity": "sha1-qIwCU1eR8C7TfHahueqXc8gz+MI=",
      "dev": true
    },
    "is-glob": {
      "version": "4.0.3",
      "resolved": "https://registry.npmjs.org/is-glob/-/is-glob-4.0.3.tgz",
      "integrity": "sha512-xelSayHH36ZgE7ZWhli7pW34hNbNl8Ojv5KVmkJD4hBdD3th8Tfk9vYasLM+mXWOZhFkgZfxhLSnrwRr4elSSg==",
      "dev": true,
      "requires": {
        "is-extglob": "^2.1.1"
      }
    },
    "is-number": {
      "version": "7.0.0",
      "resolved": "https://registry.npmjs.org/is-number/-/is-number-7.0.0.tgz",
      "integrity": "sha512-41Cifkg6e8TylSpdtTpeLVMqvSBEVzTttHvERD741+pnZ8ANv0004MRL43QKPDlK9cGvNp6NZWZUBlbGXYxxng==",
      "dev": true
    },
    "linkify-it": {
      "version": "3.0.3",
      "requires": {
        "uc.micro": "^1.0.1"
      }
    },
    "lodash.flow": {
      "version": "3.5.0"
    },
    "magic-string": {
      "version": "0.25.7",
      "requires": {
        "sourcemap-codec": "^1.4.4"
      }
    },
    "markdown-it": {
      "version": "12.2.0",
      "requires": {
        "argparse": "^2.0.1",
        "entities": "~2.1.0",
        "linkify-it": "^3.0.1",
        "mdurl": "^1.0.1",
        "uc.micro": "^1.0.5"
      }
    },
    "markdown-it-abbr": {
      "version": "1.0.4"
    },
    "markdown-it-anchor": {
      "version": "7.1.0",
      "requires": {}
    },
    "markdown-it-deflist": {
      "version": "2.1.0"
    },
    "markdown-it-emoji": {
      "version": "2.0.0"
    },
    "markdown-it-footnote": {
      "version": "3.0.3"
    },
    "markdown-it-highlightjs": {
      "version": "3.5.0",
      "requires": {
        "highlight.js": "^10.7.2",
        "lodash.flow": "^3.5.0"
      }
    },
    "markdown-it-ins": {
      "version": "3.0.1"
    },
    "markdown-it-mark": {
      "version": "3.0.1"
    },
    "markdown-it-sub": {
      "version": "1.0.0"
    },
    "markdown-it-sup": {
      "version": "1.0.0"
    },
    "markdown-it-task-lists": {
      "version": "2.1.1"
    },
    "markdown-it-toc-done-right": {
      "version": "4.2.0"
    },
    "mdurl": {
      "version": "1.0.1"
    },
    "nanoid": {
      "version": "3.1.29"
    },
    "normalize-path": {
      "version": "3.0.0",
      "resolved": "https://registry.npmjs.org/normalize-path/-/normalize-path-3.0.0.tgz",
      "integrity": "sha512-6eZs5Ls3WtCisHWp9S2GUy8dqkpGi4BVSz3GaqiE6ezub0512ESztXUwUB6C6IKbQkY2Pnb/mD4WYojCRwcwLA==",
      "dev": true
    },
    "path-parse": {
      "version": "1.0.7",
      "dev": true
    },
    "picocolors": {
      "version": "0.2.1"
    },
    "picomatch": {
      "version": "2.3.0",
      "resolved": "https://registry.npmjs.org/picomatch/-/picomatch-2.3.0.tgz",
      "integrity": "sha512-lY1Q/PiJGC2zOv/z391WOTD+Z02bCgsFfvxoXXf6h7kv9o+WmsmzYqrAwY63sNgOxE4xEdq0WyUnXfKeBrSvYw==",
      "dev": true
    },
    "postcss": {
      "version": "8.3.9",
      "requires": {
        "nanoid": "^3.1.28",
        "picocolors": "^0.2.1",
        "source-map-js": "^0.6.2"
      }
    },
    "readdirp": {
      "version": "3.6.0",
      "resolved": "https://registry.npmjs.org/readdirp/-/readdirp-3.6.0.tgz",
      "integrity": "sha512-hOS089on8RduqdbhvQ5Z37A0ESjsqz6qnRcffsMU3495FuTdqSm+7bhJ29JvIOsBDEEnan5DPu9t3To9VRlMzA==",
      "dev": true,
      "requires": {
        "picomatch": "^2.2.1"
      }
    },
    "resolve": {
      "version": "1.20.0",
      "dev": true,
      "requires": {
        "is-core-module": "^2.2.0",
        "path-parse": "^1.0.6"
      }
    },
    "rollup": {
      "version": "2.58.0",
      "dev": true,
      "requires": {
        "fsevents": "~2.3.2"
      }
    },
    "sass": {
      "version": "1.42.1",
      "resolved": "https://registry.npmjs.org/sass/-/sass-1.42.1.tgz",
      "integrity": "sha512-/zvGoN8B7dspKc5mC6HlaygyCBRvnyzzgD5khiaCfglWztY99cYoiTUksVx11NlnemrcfH5CEaCpsUKoW0cQqg==",
      "dev": true,
      "requires": {
        "chokidar": ">=3.0.0 <4.0.0"
      }
    },
    "source-map": {
      "version": "0.6.1"
    },
    "source-map-js": {
      "version": "0.6.2"
    },
    "sourcemap-codec": {
      "version": "1.4.8"
    },
    "to-regex-range": {
      "version": "5.0.1",
      "resolved": "https://registry.npmjs.org/to-regex-range/-/to-regex-range-5.0.1.tgz",
      "integrity": "sha512-65P7iz6X5yEr1cwcgvQxbbIw7Uk3gOy5dIdtZ4rDveLqhrdJP+Li/Hx6tyK0NEb+2GCyneCMJiGqrADCSNk8sQ==",
      "dev": true,
      "requires": {
        "is-number": "^7.0.0"
      }
    },
    "uc.micro": {
      "version": "1.0.6"
    },
    "vite": {
      "version": "2.6.3",
      "dev": true,
      "requires": {
        "esbuild": "^0.13.2",
        "fsevents": "~2.3.2",
        "postcss": "^8.3.8",
        "resolve": "^1.20.0",
        "rollup": "^2.57.0"
      }
    },
    "vue": {
      "version": "3.2.19",
      "requires": {
        "@vue/compiler-dom": "3.2.19",
        "@vue/compiler-sfc": "3.2.19",
        "@vue/runtime-dom": "3.2.19",
        "@vue/server-renderer": "3.2.19",
        "@vue/shared": "3.2.19"
      }
    },
    "vue3-markdown-it": {
      "version": "1.0.9",
      "requires": {
        "markdown-it": "^12.0.6",
        "markdown-it-abbr": "^1.0.4",
        "markdown-it-anchor": "^7.1.0",
        "markdown-it-deflist": "^2.1.0",
        "markdown-it-emoji": "^2.0.0",
        "markdown-it-footnote": "^3.0.2",
        "markdown-it-highlightjs": "^3.3.1",
        "markdown-it-ins": "^3.0.1",
        "markdown-it-mark": "^3.0.1",
        "markdown-it-sub": "^1.0.0",
        "markdown-it-sup": "^1.0.0",
        "markdown-it-task-lists": "^2.1.1",
        "markdown-it-toc-done-right": "^4.1.0"
      }
    }
  }
}
